
Microsoft Visual Studio Solution File, Format Version 12.00
# Visual Studio Version 16
VisualStudioVersion = 16.0.30804.86
MinimumVisualStudioVersion = 10.0.40219.1
Project("{FAE04EC0-301F-11D3-BF4B-00C04F79EFBC}") = "Activity1Part3", "Activity1Part3\Activity1Part3.csproj", "{3E3AEEC8-16CD-4E15-956F-9CB4CF6C258E}"
EndProject
Global
	GlobalSection(SolutionConfigurationPlatforms) = preSolution
		Debug|Any CPU = Debug|Any CPU
		Release|Any CPU = Release|Any CPU
	EndGlobalSection
	GlobalSection(ProjectConfigurationPlatforms) = postSolution
		{3E3AEEC8-16CD-4E15-956F-9CB4CF6C258E}.Debug|Any CPU.ActiveCfg = Debug|Any CPU
		{3E3AEEC8-16CD-4E15-956F-9CB4CF6C258E}.Debug|Any CPU.Build.0 = Debug|Any CPU
		{3E3AEEC8-16CD-4E15-956F-9CB4CF6C258E}.Release|Any CPU.ActiveCfg = Release|Any CPU
		{3E3AEEC8-16CD-4E15-956F-9CB4CF6C258E}.Release|Any CPU.Build.0 = Release|Any CPU
	EndGlobalSection
	GlobalSection(SolutionProperties) = preSolution
		HideSolutionNode = FALSE
	EndGlobalSection
	GlobalSection(ExtensibilityGlobals) = postSolution
		SolutionGuid = {1BF6498D-8A4D-4C48-B995-9FCDDDB2606D}
	EndGlobalSection
EndGlobal
